PODS:
  - CocoaLumberjack (1.6.3):
    - CocoaLumberjack/Core (= 1.6.3)
    - CocoaLumberjack/Extensions (= 1.6.3)
  - CocoaLumberjack/Core (1.6.3)
  - CocoaLumberjack/Extensions (1.6.3):
    - CocoaLumberjack/Core
  - HockeySDK (3.5.0)

DEPENDENCIES:
  - CocoaLumberjack
  - HockeySDK

SPEC CHECKSUMS:
  CocoaLumberjack: 79086d1841c6c61383afa50cafc8883b7f44f63c
  HockeySDK: 9c50c596a51a015a8e5073252340a36d3047a126

COCOAPODS: 0.37.2
